
Microsoft Visual Studio Solution File, Format Version 12.00
# Visual Studio 15
VisualStudioVersion = 15.0.27703.2042
MinimumVisualStudioVersion = 10.0.40219.1
Project("{FAE04EC0-301F-11D3-BF4B-00C04F79EFBC}") = "StoryBot", "StoryBot\StoryBot.csproj", "{E993D9FF-DEC7-4395-8B1B-34AD87897FB1}"
EndProject
Project("{9A19103F-16F7-4668-BE54-9A1E7A4F7556}") = "Parser", "Parser\Parser.csproj", "{AF0DBB99-8A05-4BF7-A69D-55BB0F5FCCE8}"
EndProject
Project("{9A19103F-16F7-4668-BE54-9A1E7A4F7556}") = "StoryTime.TestClient", "StoryTime.TestClient\StoryTime.TestClient.csproj", "{2AC80A6E-046D-4197-98DA-7C0B8CB66192}"
EndProject
Project("{FAE04EC0-301F-11D3-BF4B-00C04F79EFBC}") = "EmptyBot", "StoryTimeBot\EmptyBot\EmptyBot.csproj", "{00230213-633F-43ED-95B2-B5CD62259343}"
EndProject
Project("{FAE04EC0-301F-11D3-BF4B-00C04F79EFBC}") = "EchoBot", "StoryTimeBot\EchoBot\EchoBot.csproj", "{CDFAEFB5-8B72-4A8C-ADEC-754AEA399794}"
EndProject
Project("{FAE04EC0-301F-11D3-BF4B-00C04F79EFBC}") = "CoreBot", "StoryTimeBot\CoreBot\CoreBot.csproj", "{D12EF88B-3243-4C91-A3D2-635F1F006A68}"
EndProject
Global
	GlobalSection(SolutionConfigurationPlatforms) = preSolution
		Debug|Any CPU = Debug|Any CPU
		Release|Any CPU = Release|Any CPU
	EndGlobalSection
	GlobalSection(ProjectConfigurationPlatforms) = postSolution
		{E993D9FF-DEC7-4395-8B1B-34AD87897FB1}.Debug|Any CPU.ActiveCfg = Debug|Any CPU
		{E993D9FF-DEC7-4395-8B1B-34AD87897FB1}.Debug|Any CPU.Build.0 = Debug|Any CPU
		{E993D9FF-DEC7-4395-8B1B-34AD87897FB1}.Release|Any CPU.ActiveCfg = Release|Any CPU
		{E993D9FF-DEC7-4395-8B1B-34AD87897FB1}.Release|Any CPU.Build.0 = Release|Any CPU
		{AF0DBB99-8A05-4BF7-A69D-55BB0F5FCCE8}.Debug|Any CPU.ActiveCfg = Debug|Any CPU
		{AF0DBB99-8A05-4BF7-A69D-55BB0F5FCCE8}.Debug|Any CPU.Build.0 = Debug|Any CPU
		{AF0DBB99-8A05-4BF7-A69D-55BB0F5FCCE8}.Release|Any CPU.ActiveCfg = Release|Any CPU
		{AF0DBB99-8A05-4BF7-A69D-55BB0F5FCCE8}.Release|Any CPU.Build.0 = Release|Any CPU
		{2AC80A6E-046D-4197-98DA-7C0B8CB66192}.Debug|Any CPU.ActiveCfg = Debug|Any CPU
		{2AC80A6E-046D-4197-98DA-7C0B8CB66192}.Debug|Any CPU.Build.0 = Debug|Any CPU
		{2AC80A6E-046D-4197-98DA-7C0B8CB66192}.Release|Any CPU.ActiveCfg = Release|Any CPU
		{2AC80A6E-046D-4197-98DA-7C0B8CB66192}.Release|Any CPU.Build.0 = Release|Any CPU
		{00230213-633F-43ED-95B2-B5CD62259343}.Debug|Any CPU.ActiveCfg = Debug|Any CPU
		{00230213-633F-43ED-95B2-B5CD62259343}.Debug|Any CPU.Build.0 = Debug|Any CPU
		{00230213-633F-43ED-95B2-B5CD62259343}.Release|Any CPU.ActiveCfg = Release|Any CPU
		{00230213-633F-43ED-95B2-B5CD62259343}.Release|Any CPU.Build.0 = Release|Any CPU
		{CDFAEFB5-8B72-4A8C-ADEC-754AEA399794}.Debug|Any CPU.ActiveCfg = Debug|Any CPU
		{CDFAEFB5-8B72-4A8C-ADEC-754AEA399794}.Debug|Any CPU.Build.0 = Debug|Any CPU
		{CDFAEFB5-8B72-4A8C-ADEC-754AEA399794}.Release|Any CPU.ActiveCfg = Release|Any CPU
		{CDFAEFB5-8B72-4A8C-ADEC-754AEA399794}.Release|Any CPU.Build.0 = Release|Any CPU
		{D12EF88B-3243-4C91-A3D2-635F1F006A68}.Debug|Any CPU.ActiveCfg = Debug|Any CPU
		{D12EF88B-3243-4C91-A3D2-635F1F006A68}.Debug|Any CPU.Build.0 = Debug|Any CPU
		{D12EF88B-3243-4C91-A3D2-635F1F006A68}.Release|Any CPU.ActiveCfg = Release|Any CPU
		{D12EF88B-3243-4C91-A3D2-635F1F006A68}.Release|Any CPU.Build.0 = Release|Any CPU
	EndGlobalSection
	GlobalSection(SolutionProperties) = preSolution
		HideSolutionNode = FALSE
	EndGlobalSection
	GlobalSection(ExtensibilityGlobals) = postSolution
		SolutionGuid = {CA71B8C7-8466-400E-A61C-72FE358DA097}
	EndGlobalSection
EndGlobal
